
Microsoft Visual Studio Solution File, Format Version 12.00
Project("{FAE04EC0-301F-11D3-BF4B-00C04F79EFBC}") = "CofferBackend", "CofferBackend\CofferBackend.csproj", "{F322343B-6620-4963-9C34-D62B97D959A3}"
EndProject
Global
	GlobalSection(SolutionConfigurationPlatforms) = preSolution
		Debug|Any CPU = Debug|Any CPU
		Release|Any CPU = Release|Any CPU
	EndGlobalSection
	GlobalSection(ProjectConfigurationPlatforms) = postSolution
		{F322343B-6620-4963-9C34-D62B97D959A3}.Debug|Any CPU.ActiveCfg = Debug|Any CPU
		{F322343B-6620-4963-9C34-D62B97D959A3}.Debug|Any CPU.Build.0 = Debug|Any CPU
		{F322343B-6620-4963-9C34-D62B97D959A3}.Release|Any CPU.ActiveCfg = Release|Any CPU
		{F322343B-6620-4963-9C34-D62B97D959A3}.Release|Any CPU.Build.0 = Release|Any CPU
	EndGlobalSection
EndGlobal
